
Microsoft Visual Studio Solution File, Format Version 12.00
# Visual Studio Version 17
VisualStudioVersion = 17.0.31903.59
MinimumVisualStudioVersion = 10.0.40219.1
Project("{2150E333-8FDC-42A3-9474-1A3956D46DE8}") = "src", "src", "{10000000-0000-0000-0000-000000000001}"
EndProject
Project("{2150E333-8FDC-42A3-9474-1A3956D46DE8}") = "tests", "tests", "{20000000-0000-0000-0000-000000000002}"
EndProject
Project("{2150E333-8FDC-42A3-9474-1A3956D46DE8}") = "samples", "samples", "{30000000-0000-0000-0000-000000000003}"
EndProject
Project("{FAE04EC0-301F-11D3-BF4B-00C04F79EFBC}") = "TrustIdentity.Abstractions", "src\TrustIdentity.Abstractions\TrustIdentity.Abstractions.csproj", "{A1111111-1111-1111-1111-111111111111}"
EndProject
Project("{FAE04EC0-301F-11D3-BF4B-00C04F79EFBC}") = "TrustIdentity.Core", "src\TrustIdentity.Core\TrustIdentity.Core.csproj", "{A2222222-2222-2222-2222-222222222222}"
EndProject
Project("{FAE04EC0-301F-11D3-BF4B-00C04F79EFBC}") = "TrustIdentity.Storage", "src\TrustIdentity.Storage\TrustIdentity.Storage.csproj", "{A3333333-3333-3333-3333-333333333333}"
EndProject
Project("{FAE04EC0-301F-11D3-BF4B-00C04F79EFBC}") = "TrustIdentity.AspNetCore", "src\TrustIdentity.AspNetCore\TrustIdentity.AspNetCore.csproj", "{A4444444-4444-4444-4444-444444444444}"
EndProject
Project("{FAE04EC0-301F-11D3-BF4B-00C04F79EFBC}") = "TrustIdentity.AI", "src\TrustIdentity.AI\TrustIdentity.AI.csproj", "{A5555555-5555-5555-5555-555555555555}"
EndProject
Project("{FAE04EC0-301F-11D3-BF4B-00C04F79EFBC}") = "TrustIdentity.ML", "src\TrustIdentity.ML\TrustIdentity.ML.csproj", "{A6666666-6666-6666-6666-666666666666}"
EndProject
Project("{FAE04EC0-301F-11D3-BF4B-00C04F79EFBC}") = "TrustIdentity.Saml", "src\TrustIdentity.Saml\TrustIdentity.Saml.csproj", "{A7777777-7777-7777-7777-777777777777}"
EndProject
Project("{FAE04EC0-301F-11D3-BF4B-00C04F79EFBC}") = "TrustIdentity.WsFederation", "src\TrustIdentity.WsFederation\TrustIdentity.WsFederation.csproj", "{A8888888-8888-8888-8888-888888888888}"
EndProject
Project("{FAE04EC0-301F-11D3-BF4B-00C04F79EFBC}") = "TrustIdentity.ExternalProviders", "src\TrustIdentity.ExternalProviders\TrustIdentity.ExternalProviders.csproj", "{A9999999-9999-9999-9999-999999999999}"
EndProject
Project("{FAE04EC0-301F-11D3-BF4B-00C04F79EFBC}") = "TrustIdentity.Server", "src\TrustIdentity.Server\TrustIdentity.Server.csproj", "{AAAAAAAA-AAAA-AAAA-AAAA-AAAAAAAAAAAA}"
EndProject
Project("{FAE04EC0-301F-11D3-BF4B-00C04F79EFBC}") = "TrustIdentity.UnitTests", "tests\TrustIdentity.UnitTests\TrustIdentity.UnitTests.csproj", "{B1111111-1111-1111-1111-111111111111}"
EndProject
Project("{FAE04EC0-301F-11D3-BF4B-00C04F79EFBC}") = "TrustIdentity.IntegrationTests", "tests\TrustIdentity.IntegrationTests\TrustIdentity.IntegrationTests.csproj", "{B2222222-2222-2222-2222-222222222222}"
EndProject
Project("{FAE04EC0-301F-11D3-BF4B-00C04F79EFBC}") = "QuickStart", "samples\QuickStart\QuickStart.csproj", "{C1111111-1111-1111-1111-111111111111}"
EndProject
Project("{FAE04EC0-301F-11D3-BF4B-00C04F79EFBC}") = "TestWebApp", "samples\TestWebApp\TestWebApp.csproj", "{C2222222-2222-2222-2222-222222222222}"
EndProject
Project("{FAE04EC0-301F-11D3-BF4B-00C04F79EFBC}") = "TrustIdentity.Tester", "samples\TrustIdentity.Tester\TrustIdentity.Tester.csproj", "{C759C744-E02E-4AB6-B453-FACBD0799F0E}"
EndProject
Project("{FAE04EC0-301F-11D3-BF4B-00C04F79EFBC}") = "TrustIdentity.Licensing", "src\TrustIdentity.Licensing\TrustIdentity.Licensing.csproj", "{AF65B4C0-C649-4AD8-96F3-CE3773A301FC}"
EndProject
Project("{FAE04EC0-301F-11D3-BF4B-00C04F79EFBC}") = "TrustIdentity.Licensing.Manager", "src\TrustIdentity.Licensing.Manager\TrustIdentity.Licensing.Manager.csproj", "{8BA5947E-B3E8-4706-950B-179D898145A5}"
EndProject
Project("{FAE04EC0-301F-11D3-BF4B-00C04F79EFBC}") = "TrustIdentity.UI", "src\TrustIdentity.UI\TrustIdentity.UI.csproj", "{D8EE45BB-1F95-4F46-8026-45C278F3325E}"
EndProject
Project("{FAE04EC0-301F-11D3-BF4B-00C04F79EFBC}") = "TrustIdentity.Admin", "src\TrustIdentity.Admin\TrustIdentity.Admin.csproj", "{E95E734A-236A-43A3-B38A-F7CA9DD3D730}"
EndProject
Project("{FAE04EC0-301F-11D3-BF4B-00C04F79EFBC}") = "TrustIdentity.AdminApi", "src\TrustIdentity.AdminApi\TrustIdentity.AdminApi.csproj", "{C61B7B33-6593-4971-B489-08D70466003E}"
EndProject
Project("{FAE04EC0-301F-11D3-BF4B-00C04F79EFBC}") = "TrustIdentity.Benchmarks", "src\TrustIdentity.Benchmarks\TrustIdentity.Benchmarks.csproj", "{90D24404-EA4D-4CF4-A36F-9019FFD9DFC0}"
EndProject
Project("{FAE04EC0-301F-11D3-BF4B-00C04F79EFBC}") = "TrustIdentity.Core.Tests", "src\TrustIdentity.Core.Tests\TrustIdentity.Core.Tests.csproj", "{0DE911F6-AA82-465B-A7ED-DF77901E27CC}"
EndProject
Project("{FAE04EC0-301F-11D3-BF4B-00C04F79EFBC}") = "TrustIdentity.AI.Tests", "src\TrustIdentity.AI.Tests\TrustIdentity.AI.Tests.csproj", "{61ADF96D-DB87-4DAD-A74B-3D57AD475BEA}"
EndProject
Project("{FAE04EC0-301F-11D3-BF4B-00C04F79EFBC}") = "TrustIdentity.Saml.Tests", "src\TrustIdentity.Saml.Tests\TrustIdentity.Saml.Tests.csproj", "{A6CAC2F9-EADA-46DC-B4F4-E95D8E950FDC}"
EndProject
Global
	GlobalSection(SolutionConfigurationPlatforms) = preSolution
		Debug|Any CPU = Debug|Any CPU
		Debug|x64 = Debug|x64
		Debug|x86 = Debug|x86
		Release|Any CPU = Release|Any CPU
		Release|x64 = Release|x64
		Release|x86 = Release|x86
	EndGlobalSection
	GlobalSection(ProjectConfigurationPlatforms) = postSolution
		{A1111111-1111-1111-1111-111111111111}.Debug|Any CPU.ActiveCfg = Debug|Any CPU
		{A1111111-1111-1111-1111-111111111111}.Debug|Any CPU.Build.0 = Debug|Any CPU
		{A1111111-1111-1111-1111-111111111111}.Debug|x64.ActiveCfg = Debug|Any CPU
		{A1111111-1111-1111-1111-111111111111}.Debug|x64.Build.0 = Debug|Any CPU
		{A1111111-1111-1111-1111-111111111111}.Debug|x86.ActiveCfg = Debug|Any CPU
		{A1111111-1111-1111-1111-111111111111}.Debug|x86.Build.0 = Debug|Any CPU
		{A1111111-1111-1111-1111-111111111111}.Release|Any CPU.ActiveCfg = Release|Any CPU
		{A1111111-1111-1111-1111-111111111111}.Release|Any CPU.Build.0 = Release|Any CPU
		{A1111111-1111-1111-1111-111111111111}.Release|x64.ActiveCfg = Release|Any CPU
		{A1111111-1111-1111-1111-111111111111}.Release|x64.Build.0 = Release|Any CPU
		{A1111111-1111-1111-1111-111111111111}.Release|x86.ActiveCfg = Release|Any CPU
		{A1111111-1111-1111-1111-111111111111}.Release|x86.Build.0 = Release|Any CPU
		{A2222222-2222-2222-2222-222222222222}.Debug|Any CPU.ActiveCfg = Debug|Any CPU
		{A2222222-2222-2222-2222-222222222222}.Debug|Any CPU.Build.0 = Debug|Any CPU
		{A2222222-2222-2222-2222-222222222222}.Debug|x64.ActiveCfg = Debug|Any CPU
		{A2222222-2222-2222-2222-222222222222}.Debug|x64.Build.0 = Debug|Any CPU
		{A2222222-2222-2222-2222-222222222222}.Debug|x86.ActiveCfg = Debug|Any CPU
		{A2222222-2222-2222-2222-222222222222}.Debug|x86.Build.0 = Debug|Any CPU
		{A2222222-2222-2222-2222-222222222222}.Release|Any CPU.ActiveCfg = Release|Any CPU
		{A2222222-2222-2222-2222-222222222222}.Release|Any CPU.Build.0 = Release|Any CPU
		{A2222222-2222-2222-2222-222222222222}.Release|x64.ActiveCfg = Release|Any CPU
		{A2222222-2222-2222-2222-222222222222}.Release|x64.Build.0 = Release|Any CPU
		{A2222222-2222-2222-2222-222222222222}.Release|x86.ActiveCfg = Release|Any CPU
		{A2222222-2222-2222-2222-222222222222}.Release|x86.Build.0 = Release|Any CPU
		{A3333333-3333-3333-3333-333333333333}.Debug|Any CPU.ActiveCfg = Debug|Any CPU
		{A3333333-3333-3333-3333-333333333333}.Debug|Any CPU.Build.0 = Debug|Any CPU
		{A3333333-3333-3333-3333-333333333333}.Debug|x64.ActiveCfg = Debug|Any CPU
		{A3333333-3333-3333-3333-333333333333}.Debug|x64.Build.0 = Debug|Any CPU
		{A3333333-3333-3333-3333-333333333333}.Debug|x86.ActiveCfg = Debug|Any CPU
		{A3333333-3333-3333-3333-333333333333}.Debug|x86.Build.0 = Debug|Any CPU
		{A3333333-3333-3333-3333-333333333333}.Release|Any CPU.ActiveCfg = Release|Any CPU
		{A3333333-3333-3333-3333-333333333333}.Release|Any CPU.Build.0 = Release|Any CPU
		{A3333333-3333-3333-3333-333333333333}.Release|x64.ActiveCfg = Release|Any CPU
		{A3333333-3333-3333-3333-333333333333}.Release|x64.Build.0 = Release|Any CPU
		{A3333333-3333-3333-3333-333333333333}.Release|x86.ActiveCfg = Release|Any CPU
		{A3333333-3333-3333-3333-333333333333}.Release|x86.Build.0 = Release|Any CPU
		{A4444444-4444-4444-4444-444444444444}.Debug|Any CPU.ActiveCfg = Debug|Any CPU
		{A4444444-4444-4444-4444-444444444444}.Debug|Any CPU.Build.0 = Debug|Any CPU
		{A4444444-4444-4444-4444-444444444444}.Debug|x64.ActiveCfg = Debug|Any CPU
		{A4444444-4444-4444-4444-444444444444}.Debug|x64.Build.0 = Debug|Any CPU
		{A4444444-4444-4444-4444-444444444444}.Debug|x86.ActiveCfg = Debug|Any CPU
		{A4444444-4444-4444-4444-444444444444}.Debug|x86.Build.0 = Debug|Any CPU
		{A4444444-4444-4444-4444-444444444444}.Release|Any CPU.ActiveCfg = Release|Any CPU
		{A4444444-4444-4444-4444-444444444444}.Release|Any CPU.Build.0 = Release|Any CPU
		{A4444444-4444-4444-4444-444444444444}.Release|x64.ActiveCfg = Release|Any CPU
		{A4444444-4444-4444-4444-444444444444}.Release|x64.Build.0 = Release|Any CPU
		{A4444444-4444-4444-4444-444444444444}.Release|x86.ActiveCfg = Release|Any CPU
		{A4444444-4444-4444-4444-444444444444}.Release|x86.Build.0 = Release|Any CPU
		{A5555555-5555-5555-5555-555555555555}.Debug|Any CPU.ActiveCfg = Debug|Any CPU
		{A5555555-5555-5555-5555-555555555555}.Debug|Any CPU.Build.0 = Debug|Any CPU
		{A5555555-5555-5555-5555-555555555555}.Debug|x64.ActiveCfg = Debug|Any CPU
		{A5555555-5555-5555-5555-555555555555}.Debug|x64.Build.0 = Debug|Any CPU
		{A5555555-5555-5555-5555-555555555555}.Debug|x86.ActiveCfg = Debug|Any CPU
		{A5555555-5555-5555-5555-555555555555}.Debug|x86.Build.0 = Debug|Any CPU
		{A5555555-5555-5555-5555-555555555555}.Release|Any CPU.ActiveCfg = Release|Any CPU
		{A5555555-5555-5555-5555-555555555555}.Release|Any CPU.Build.0 = Release|Any CPU
		{A5555555-5555-5555-5555-555555555555}.Release|x64.ActiveCfg = Release|Any CPU
		{A5555555-5555-5555-5555-555555555555}.Release|x64.Build.0 = Release|Any CPU
		{A5555555-5555-5555-5555-555555555555}.Release|x86.ActiveCfg = Release|Any CPU
		{A5555555-5555-5555-5555-555555555555}.Release|x86.Build.0 = Release|Any CPU
		{A6666666-6666-6666-6666-666666666666}.Debug|Any CPU.ActiveCfg = Debug|Any CPU
		{A6666666-6666-6666-6666-666666666666}.Debug|Any CPU.Build.0 = Debug|Any CPU
		{A6666666-6666-6666-6666-666666666666}.Debug|x64.ActiveCfg = Debug|Any CPU
		{A6666666-6666-6666-6666-666666666666}.Debug|x64.Build.0 = Debug|Any CPU
		{A6666666-6666-6666-6666-666666666666}.Debug|x86.ActiveCfg = Debug|Any CPU
		{A6666666-6666-6666-6666-666666666666}.Debug|x86.Build.0 = Debug|Any CPU
		{A6666666-6666-6666-6666-666666666666}.Release|Any CPU.ActiveCfg = Release|Any CPU
		{A6666666-6666-6666-6666-666666666666}.Release|Any CPU.Build.0 = Release|Any CPU
		{A6666666-6666-6666-6666-666666666666}.Release|x64.ActiveCfg = Release|Any CPU
		{A6666666-6666-6666-6666-666666666666}.Release|x64.Build.0 = Release|Any CPU
		{A6666666-6666-6666-6666-666666666666}.Release|x86.ActiveCfg = Release|Any CPU
		{A6666666-6666-6666-6666-666666666666}.Release|x86.Build.0 = Release|Any CPU
		{A7777777-7777-7777-7777-777777777777}.Debug|Any CPU.ActiveCfg = Debug|Any CPU
		{A7777777-7777-7777-7777-777777777777}.Debug|Any CPU.Build.0 = Debug|Any CPU
		{A7777777-7777-7777-7777-777777777777}.Debug|x64.ActiveCfg = Debug|Any CPU
		{A7777777-7777-7777-7777-777777777777}.Debug|x64.Build.0 = Debug|Any CPU
		{A7777777-7777-7777-7777-777777777777}.Debug|x86.ActiveCfg = Debug|Any CPU
		{A7777777-7777-7777-7777-777777777777}.Debug|x86.Build.0 = Debug|Any CPU
		{A7777777-7777-7777-7777-777777777777}.Release|Any CPU.ActiveCfg = Release|Any CPU
		{A7777777-7777-7777-7777-777777777777}.Release|Any CPU.Build.0 = Release|Any CPU
		{A7777777-7777-7777-7777-777777777777}.Release|x64.ActiveCfg = Release|Any CPU
		{A7777777-7777-7777-7777-777777777777}.Release|x64.Build.0 = Release|Any CPU
		{A7777777-7777-7777-7777-777777777777}.Release|x86.ActiveCfg = Release|Any CPU
		{A7777777-7777-7777-7777-777777777777}.Release|x86.Build.0 = Release|Any CPU
		{A8888888-8888-8888-8888-888888888888}.Debug|Any CPU.ActiveCfg = Debug|Any CPU
		{A8888888-8888-8888-8888-888888888888}.Debug|Any CPU.Build.0 = Debug|Any CPU
		{A8888888-8888-8888-8888-888888888888}.Debug|x64.ActiveCfg = Debug|Any CPU
		{A8888888-8888-8888-8888-888888888888}.Debug|x64.Build.0 = Debug|Any CPU
		{A8888888-8888-8888-8888-888888888888}.Debug|x86.ActiveCfg = Debug|Any CPU
		{A8888888-8888-8888-8888-888888888888}.Debug|x86.Build.0 = Debug|Any CPU
		{A8888888-8888-8888-8888-888888888888}.Release|Any CPU.ActiveCfg = Release|Any CPU
		{A8888888-8888-8888-8888-888888888888}.Release|Any CPU.Build.0 = Release|Any CPU
		{A8888888-8888-8888-8888-888888888888}.Release|x64.ActiveCfg = Release|Any CPU
		{A8888888-8888-8888-8888-888888888888}.Release|x64.Build.0 = Release|Any CPU
		{A8888888-8888-8888-8888-888888888888}.Release|x86.ActiveCfg = Release|Any CPU
		{A8888888-8888-8888-8888-888888888888}.Release|x86.Build.0 = Release|Any CPU
		{A9999999-9999-9999-9999-999999999999}.Debug|Any CPU.ActiveCfg = Debug|Any CPU
		{A9999999-9999-9999-9999-999999999999}.Debug|Any CPU.Build.0 = Debug|Any CPU
		{A9999999-9999-9999-9999-999999999999}.Debug|x64.ActiveCfg = Debug|Any CPU
		{A9999999-9999-9999-9999-999999999999}.Debug|x64.Build.0 = Debug|Any CPU
		{A9999999-9999-9999-9999-999999999999}.Debug|x86.ActiveCfg = Debug|Any CPU
		{A9999999-9999-9999-9999-999999999999}.Debug|x86.Build.0 = Debug|Any CPU
		{A9999999-9999-9999-9999-999999999999}.Release|Any CPU.ActiveCfg = Release|Any CPU
		{A9999999-9999-9999-9999-999999999999}.Release|Any CPU.Build.0 = Release|Any CPU
		{A9999999-9999-9999-9999-999999999999}.Release|x64.ActiveCfg = Release|Any CPU
		{A9999999-9999-9999-9999-999999999999}.Release|x64.Build.0 = Release|Any CPU
		{A9999999-9999-9999-9999-999999999999}.Release|x86.ActiveCfg = Release|Any CPU
		{A9999999-9999-9999-9999-999999999999}.Release|x86.Build.0 = Release|Any CPU
		{AAAAAAAA-AAAA-AAAA-AAAA-AAAAAAAAAAAA}.Debug|Any CPU.ActiveCfg = Debug|Any CPU
		{AAAAAAAA-AAAA-AAAA-AAAA-AAAAAAAAAAAA}.Debug|Any CPU.Build.0 = Debug|Any CPU
		{AAAAAAAA-AAAA-AAAA-AAAA-AAAAAAAAAAAA}.Debug|x64.ActiveCfg = Debug|Any CPU
		{AAAAAAAA-AAAA-AAAA-AAAA-AAAAAAAAAAAA}.Debug|x64.Build.0 = Debug|Any CPU
		{AAAAAAAA-AAAA-AAAA-AAAA-AAAAAAAAAAAA}.Debug|x86.ActiveCfg = Debug|Any CPU
		{AAAAAAAA-AAAA-AAAA-AAAA-AAAAAAAAAAAA}.Debug|x86.Build.0 = Debug|Any CPU
		{AAAAAAAA-AAAA-AAAA-AAAA-AAAAAAAAAAAA}.Release|Any CPU.ActiveCfg = Release|Any CPU
		{AAAAAAAA-AAAA-AAAA-AAAA-AAAAAAAAAAAA}.Release|Any CPU.Build.0 = Release|Any CPU
		{AAAAAAAA-AAAA-AAAA-AAAA-AAAAAAAAAAAA}.Release|x64.ActiveCfg = Release|Any CPU
		{AAAAAAAA-AAAA-AAAA-AAAA-AAAAAAAAAAAA}.Release|x64.Build.0 = Release|Any CPU
		{AAAAAAAA-AAAA-AAAA-AAAA-AAAAAAAAAAAA}.Release|x86.ActiveCfg = Release|Any CPU
		{AAAAAAAA-AAAA-AAAA-AAAA-AAAAAAAAAAAA}.Release|x86.Build.0 = Release|Any CPU
		{B1111111-1111-1111-1111-111111111111}.Debug|Any CPU.ActiveCfg = Debug|Any CPU
		{B1111111-1111-1111-1111-111111111111}.Debug|Any CPU.Build.0 = Debug|Any CPU
		{B1111111-1111-1111-1111-111111111111}.Debug|x64.ActiveCfg = Debug|Any CPU
		{B1111111-1111-1111-1111-111111111111}.Debug|x64.Build.0 = Debug|Any CPU
		{B1111111-1111-1111-1111-111111111111}.Debug|x86.ActiveCfg = Debug|Any CPU
		{B1111111-1111-1111-1111-111111111111}.Debug|x86.Build.0 = Debug|Any CPU
		{B1111111-1111-1111-1111-111111111111}.Release|Any CPU.ActiveCfg = Release|Any CPU
		{B1111111-1111-1111-1111-111111111111}.Release|Any CPU.Build.0 = Release|Any CPU
		{B1111111-1111-1111-1111-111111111111}.Release|x64.ActiveCfg = Release|Any CPU
		{B1111111-1111-1111-1111-111111111111}.Release|x64.Build.0 = Release|Any CPU
		{B1111111-1111-1111-1111-111111111111}.Release|x86.ActiveCfg = Release|Any CPU
		{B1111111-1111-1111-1111-111111111111}.Release|x86.Build.0 = Release|Any CPU
		{B2222222-2222-2222-2222-222222222222}.Debug|Any CPU.ActiveCfg = Debug|Any CPU
		{B2222222-2222-2222-2222-222222222222}.Debug|Any CPU.Build.0 = Debug|Any CPU
		{B2222222-2222-2222-2222-222222222222}.Debug|x64.ActiveCfg = Debug|Any CPU
		{B2222222-2222-2222-2222-222222222222}.Debug|x64.Build.0 = Debug|Any CPU
		{B2222222-2222-2222-2222-222222222222}.Debug|x86.ActiveCfg = Debug|Any CPU
		{B2222222-2222-2222-2222-222222222222}.Debug|x86.Build.0 = Debug|Any CPU
		{B2222222-2222-2222-2222-222222222222}.Release|Any CPU.ActiveCfg = Release|Any CPU
		{B2222222-2222-2222-2222-222222222222}.Release|Any CPU.Build.0 = Release|Any CPU
		{B2222222-2222-2222-2222-222222222222}.Release|x64.ActiveCfg = Release|Any CPU
		{B2222222-2222-2222-2222-222222222222}.Release|x64.Build.0 = Release|Any CPU
		{B2222222-2222-2222-2222-222222222222}.Release|x86.ActiveCfg = Release|Any CPU
		{B2222222-2222-2222-2222-222222222222}.Release|x86.Build.0 = Release|Any CPU
		{C1111111-1111-1111-1111-111111111111}.Debug|Any CPU.ActiveCfg = Debug|Any CPU
		{C1111111-1111-1111-1111-111111111111}.Debug|Any CPU.Build.0 = Debug|Any CPU
		{C1111111-1111-1111-1111-111111111111}.Debug|x64.ActiveCfg = Debug|Any CPU
		{C1111111-1111-1111-1111-111111111111}.Debug|x64.Build.0 = Debug|Any CPU
		{C1111111-1111-1111-1111-111111111111}.Debug|x86.ActiveCfg = Debug|Any CPU
		{C1111111-1111-1111-1111-111111111111}.Debug|x86.Build.0 = Debug|Any CPU
		{C1111111-1111-1111-1111-111111111111}.Release|Any CPU.ActiveCfg = Release|Any CPU
		{C1111111-1111-1111-1111-111111111111}.Release|Any CPU.Build.0 = Release|Any CPU
		{C1111111-1111-1111-1111-111111111111}.Release|x64.ActiveCfg = Release|Any CPU
		{C1111111-1111-1111-1111-111111111111}.Release|x64.Build.0 = Release|Any CPU
		{C1111111-1111-1111-1111-111111111111}.Release|x86.ActiveCfg = Release|Any CPU
		{C1111111-1111-1111-1111-111111111111}.Release|x86.Build.0 = Release|Any CPU
		{C2222222-2222-2222-2222-222222222222}.Debug|Any CPU.ActiveCfg = Debug|Any CPU
		{C2222222-2222-2222-2222-222222222222}.Debug|Any CPU.Build.0 = Debug|Any CPU
		{C2222222-2222-2222-2222-222222222222}.Debug|x64.ActiveCfg = Debug|Any CPU
		{C2222222-2222-2222-2222-222222222222}.Debug|x64.Build.0 = Debug|Any CPU
		{C2222222-2222-2222-2222-222222222222}.Debug|x86.ActiveCfg = Debug|Any CPU
		{C2222222-2222-2222-2222-222222222222}.Debug|x86.Build.0 = Debug|Any CPU
		{C2222222-2222-2222-2222-222222222222}.Release|Any CPU.ActiveCfg = Release|Any CPU
		{C2222222-2222-2222-2222-222222222222}.Release|Any CPU.Build.0 = Release|Any CPU
		{C2222222-2222-2222-2222-222222222222}.Release|x64.ActiveCfg = Release|Any CPU
		{C2222222-2222-2222-2222-222222222222}.Release|x64.Build.0 = Release|Any CPU
		{C2222222-2222-2222-2222-222222222222}.Release|x86.ActiveCfg = Release|Any CPU
		{C2222222-2222-2222-2222-222222222222}.Release|x86.Build.0 = Release|Any CPU
		{C759C744-E02E-4AB6-B453-FACBD0799F0E}.Debug|Any CPU.ActiveCfg = Debug|Any CPU
		{C759C744-E02E-4AB6-B453-FACBD0799F0E}.Debug|Any CPU.Build.0 = Debug|Any CPU
		{C759C744-E02E-4AB6-B453-FACBD0799F0E}.Debug|x64.ActiveCfg = Debug|Any CPU
		{C759C744-E02E-4AB6-B453-FACBD0799F0E}.Debug|x64.Build.0 = Debug|Any CPU
		{C759C744-E02E-4AB6-B453-FACBD0799F0E}.Debug|x86.ActiveCfg = Debug|Any CPU
		{C759C744-E02E-4AB6-B453-FACBD0799F0E}.Debug|x86.Build.0 = Debug|Any CPU
		{C759C744-E02E-4AB6-B453-FACBD0799F0E}.Release|Any CPU.ActiveCfg = Release|Any CPU
		{C759C744-E02E-4AB6-B453-FACBD0799F0E}.Release|Any CPU.Build.0 = Release|Any CPU
		{C759C744-E02E-4AB6-B453-FACBD0799F0E}.Release|x64.ActiveCfg = Release|Any CPU
		{C759C744-E02E-4AB6-B453-FACBD0799F0E}.Release|x64.Build.0 = Release|Any CPU
		{C759C744-E02E-4AB6-B453-FACBD0799F0E}.Release|x86.ActiveCfg = Release|Any CPU
		{C759C744-E02E-4AB6-B453-FACBD0799F0E}.Release|x86.Build.0 = Release|Any CPU
		{AF65B4C0-C649-4AD8-96F3-CE3773A301FC}.Debug|Any CPU.ActiveCfg = Debug|Any CPU
		{AF65B4C0-C649-4AD8-96F3-CE3773A301FC}.Debug|Any CPU.Build.0 = Debug|Any CPU
		{AF65B4C0-C649-4AD8-96F3-CE3773A301FC}.Debug|x64.ActiveCfg = Debug|Any CPU
		{AF65B4C0-C649-4AD8-96F3-CE3773A301FC}.Debug|x64.Build.0 = Debug|Any CPU
		{AF65B4C0-C649-4AD8-96F3-CE3773A301FC}.Debug|x86.ActiveCfg = Debug|Any CPU
		{AF65B4C0-C649-4AD8-96F3-CE3773A301FC}.Debug|x86.Build.0 = Debug|Any CPU
		{AF65B4C0-C649-4AD8-96F3-CE3773A301FC}.Release|Any CPU.ActiveCfg = Release|Any CPU
		{AF65B4C0-C649-4AD8-96F3-CE3773A301FC}.Release|Any CPU.Build.0 = Release|Any CPU
		{AF65B4C0-C649-4AD8-96F3-CE3773A301FC}.Release|x64.ActiveCfg = Release|Any CPU
		{AF65B4C0-C649-4AD8-96F3-CE3773A301FC}.Release|x64.Build.0 = Release|Any CPU
		{AF65B4C0-C649-4AD8-96F3-CE3773A301FC}.Release|x86.ActiveCfg = Release|Any CPU
		{AF65B4C0-C649-4AD8-96F3-CE3773A301FC}.Release|x86.Build.0 = Release|Any CPU
		{8BA5947E-B3E8-4706-950B-179D898145A5}.Debug|Any CPU.ActiveCfg = Debug|Any CPU
		{8BA5947E-B3E8-4706-950B-179D898145A5}.Debug|Any CPU.Build.0 = Debug|Any CPU
		{8BA5947E-B3E8-4706-950B-179D898145A5}.Debug|x64.ActiveCfg = Debug|Any CPU
		{8BA5947E-B3E8-4706-950B-179D898145A5}.Debug|x64.Build.0 = Debug|Any CPU
		{8BA5947E-B3E8-4706-950B-179D898145A5}.Debug|x86.ActiveCfg = Debug|Any CPU
		{8BA5947E-B3E8-4706-950B-179D898145A5}.Debug|x86.Build.0 = Debug|Any CPU
		{8BA5947E-B3E8-4706-950B-179D898145A5}.Release|Any CPU.ActiveCfg = Release|Any CPU
		{8BA5947E-B3E8-4706-950B-179D898145A5}.Release|Any CPU.Build.0 = Release|Any CPU
		{8BA5947E-B3E8-4706-950B-179D898145A5}.Release|x64.ActiveCfg = Release|Any CPU
		{8BA5947E-B3E8-4706-950B-179D898145A5}.Release|x64.Build.0 = Release|Any CPU
		{8BA5947E-B3E8-4706-950B-179D898145A5}.Release|x86.ActiveCfg = Release|Any CPU
		{8BA5947E-B3E8-4706-950B-179D898145A5}.Release|x86.Build.0 = Release|Any CPU
		{D8EE45BB-1F95-4F46-8026-45C278F3325E}.Debug|Any CPU.ActiveCfg = Debug|Any CPU
		{D8EE45BB-1F95-4F46-8026-45C278F3325E}.Debug|Any CPU.Build.0 = Debug|Any CPU
		{D8EE45BB-1F95-4F46-8026-45C278F3325E}.Debug|x64.ActiveCfg = Debug|Any CPU
		{D8EE45BB-1F95-4F46-8026-45C278F3325E}.Debug|x64.Build.0 = Debug|Any CPU
		{D8EE45BB-1F95-4F46-8026-45C278F3325E}.Debug|x86.ActiveCfg = Debug|Any CPU
		{D8EE45BB-1F95-4F46-8026-45C278F3325E}.Debug|x86.Build.0 = Debug|Any CPU
		{D8EE45BB-1F95-4F46-8026-45C278F3325E}.Release|Any CPU.ActiveCfg = Release|Any CPU
		{D8EE45BB-1F95-4F46-8026-45C278F3325E}.Release|Any CPU.Build.0 = Release|Any CPU
		{D8EE45BB-1F95-4F46-8026-45C278F3325E}.Release|x64.ActiveCfg = Release|Any CPU
		{D8EE45BB-1F95-4F46-8026-45C278F3325E}.Release|x64.Build.0 = Release|Any CPU
		{D8EE45BB-1F95-4F46-8026-45C278F3325E}.Release|x86.ActiveCfg = Release|Any CPU
		{D8EE45BB-1F95-4F46-8026-45C278F3325E}.Release|x86.Build.0 = Release|Any CPU
		{E95E734A-236A-43A3-B38A-F7CA9DD3D730}.Debug|Any CPU.ActiveCfg = Debug|Any CPU
		{E95E734A-236A-43A3-B38A-F7CA9DD3D730}.Debug|Any CPU.Build.0 = Debug|Any CPU
		{E95E734A-236A-43A3-B38A-F7CA9DD3D730}.Debug|x64.ActiveCfg = Debug|Any CPU
		{E95E734A-236A-43A3-B38A-F7CA9DD3D730}.Debug|x64.Build.0 = Debug|Any CPU
		{E95E734A-236A-43A3-B38A-F7CA9DD3D730}.Debug|x86.ActiveCfg = Debug|Any CPU
		{E95E734A-236A-43A3-B38A-F7CA9DD3D730}.Debug|x86.Build.0 = Debug|Any CPU
		{E95E734A-236A-43A3-B38A-F7CA9DD3D730}.Release|Any CPU.ActiveCfg = Release|Any CPU
		{E95E734A-236A-43A3-B38A-F7CA9DD3D730}.Release|Any CPU.Build.0 = Release|Any CPU
		{E95E734A-236A-43A3-B38A-F7CA9DD3D730}.Release|x64.ActiveCfg = Release|Any CPU
		{E95E734A-236A-43A3-B38A-F7CA9DD3D730}.Release|x64.Build.0 = Release|Any CPU
		{E95E734A-236A-43A3-B38A-F7CA9DD3D730}.Release|x86.ActiveCfg = Release|Any CPU
		{E95E734A-236A-43A3-B38A-F7CA9DD3D730}.Release|x86.Build.0 = Release|Any CPU
		{C61B7B33-6593-4971-B489-08D70466003E}.Debug|Any CPU.ActiveCfg = Debug|Any CPU
		{C61B7B33-6593-4971-B489-08D70466003E}.Debug|Any CPU.Build.0 = Debug|Any CPU
		{C61B7B33-6593-4971-B489-08D70466003E}.Debug|x64.ActiveCfg = Debug|Any CPU
		{C61B7B33-6593-4971-B489-08D70466003E}.Debug|x64.Build.0 = Debug|Any CPU
		{C61B7B33-6593-4971-B489-08D70466003E}.Debug|x86.ActiveCfg = Debug|Any CPU
		{C61B7B33-6593-4971-B489-08D70466003E}.Debug|x86.Build.0 = Debug|Any CPU
		{C61B7B33-6593-4971-B489-08D70466003E}.Release|Any CPU.ActiveCfg = Release|Any CPU
		{C61B7B33-6593-4971-B489-08D70466003E}.Release|Any CPU.Build.0 = Release|Any CPU
		{C61B7B33-6593-4971-B489-08D70466003E}.Release|x64.ActiveCfg = Release|Any CPU
		{C61B7B33-6593-4971-B489-08D70466003E}.Release|x64.Build.0 = Release|Any CPU
		{C61B7B33-6593-4971-B489-08D70466003E}.Release|x86.ActiveCfg = Release|Any CPU
		{C61B7B33-6593-4971-B489-08D70466003E}.Release|x86.Build.0 = Release|Any CPU
		{90D24404-EA4D-4CF4-A36F-9019FFD9DFC0}.Debug|Any CPU.ActiveCfg = Debug|Any CPU
		{90D24404-EA4D-4CF4-A36F-9019FFD9DFC0}.Debug|Any CPU.Build.0 = Debug|Any CPU
		{90D24404-EA4D-4CF4-A36F-9019FFD9DFC0}.Debug|x64.ActiveCfg = Debug|Any CPU
		{90D24404-EA4D-4CF4-A36F-9019FFD9DFC0}.Debug|x64.Build.0 = Debug|Any CPU
		{90D24404-EA4D-4CF4-A36F-9019FFD9DFC0}.Debug|x86.ActiveCfg = Debug|Any CPU
		{90D24404-EA4D-4CF4-A36F-9019FFD9DFC0}.Debug|x86.Build.0 = Debug|Any CPU
		{90D24404-EA4D-4CF4-A36F-9019FFD9DFC0}.Release|Any CPU.ActiveCfg = Release|Any CPU
		{90D24404-EA4D-4CF4-A36F-9019FFD9DFC0}.Release|Any CPU.Build.0 = Release|Any CPU
		{90D24404-EA4D-4CF4-A36F-9019FFD9DFC0}.Release|x64.ActiveCfg = Release|Any CPU
		{90D24404-EA4D-4CF4-A36F-9019FFD9DFC0}.Release|x64.Build.0 = Release|Any CPU
		{90D24404-EA4D-4CF4-A36F-9019FFD9DFC0}.Release|x86.ActiveCfg = Release|Any CPU
		{90D24404-EA4D-4CF4-A36F-9019FFD9DFC0}.Release|x86.Build.0 = Release|Any CPU
		{0DE911F6-AA82-465B-A7ED-DF77901E27CC}.Debug|Any CPU.ActiveCfg = Debug|Any CPU
		{0DE911F6-AA82-465B-A7ED-DF77901E27CC}.Debug|Any CPU.Build.0 = Debug|Any CPU
		{0DE911F6-AA82-465B-A7ED-DF77901E27CC}.Debug|x64.ActiveCfg = Debug|Any CPU
		{0DE911F6-AA82-465B-A7ED-DF77901E27CC}.Debug|x64.Build.0 = Debug|Any CPU
		{0DE911F6-AA82-465B-A7ED-DF77901E27CC}.Debug|x86.ActiveCfg = Debug|Any CPU
		{0DE911F6-AA82-465B-A7ED-DF77901E27CC}.Debug|x86.Build.0 = Debug|Any CPU
		{0DE911F6-AA82-465B-A7ED-DF77901E27CC}.Release|Any CPU.ActiveCfg = Release|Any CPU
		{0DE911F6-AA82-465B-A7ED-DF77901E27CC}.Release|Any CPU.Build.0 = Release|Any CPU
		{0DE911F6-AA82-465B-A7ED-DF77901E27CC}.Release|x64.ActiveCfg = Release|Any CPU
		{0DE911F6-AA82-465B-A7ED-DF77901E27CC}.Release|x64.Build.0 = Release|Any CPU
		{0DE911F6-AA82-465B-A7ED-DF77901E27CC}.Release|x86.ActiveCfg = Release|Any CPU
		{0DE911F6-AA82-465B-A7ED-DF77901E27CC}.Release|x86.Build.0 = Release|Any CPU
		{61ADF96D-DB87-4DAD-A74B-3D57AD475BEA}.Debug|Any CPU.ActiveCfg = Debug|Any CPU
		{61ADF96D-DB87-4DAD-A74B-3D57AD475BEA}.Debug|Any CPU.Build.0 = Debug|Any CPU
		{61ADF96D-DB87-4DAD-A74B-3D57AD475BEA}.Debug|x64.ActiveCfg = Debug|Any CPU
		{61ADF96D-DB87-4DAD-A74B-3D57AD475BEA}.Debug|x64.Build.0 = Debug|Any CPU
		{61ADF96D-DB87-4DAD-A74B-3D57AD475BEA}.Debug|x86.ActiveCfg = Debug|Any CPU
		{61ADF96D-DB87-4DAD-A74B-3D57AD475BEA}.Debug|x86.Build.0 = Debug|Any CPU
		{61ADF96D-DB87-4DAD-A74B-3D57AD475BEA}.Release|Any CPU.ActiveCfg = Release|Any CPU
		{61ADF96D-DB87-4DAD-A74B-3D57AD475BEA}.Release|Any CPU.Build.0 = Release|Any CPU
		{61ADF96D-DB87-4DAD-A74B-3D57AD475BEA}.Release|x64.ActiveCfg = Release|Any CPU
		{61ADF96D-DB87-4DAD-A74B-3D57AD475BEA}.Release|x64.Build.0 = Release|Any CPU
		{61ADF96D-DB87-4DAD-A74B-3D57AD475BEA}.Release|x86.ActiveCfg = Release|Any CPU
		{61ADF96D-DB87-4DAD-A74B-3D57AD475BEA}.Release|x86.Build.0 = Release|Any CPU
		{A6CAC2F9-EADA-46DC-B4F4-E95D8E950FDC}.Debug|Any CPU.ActiveCfg = Debug|Any CPU
		{A6CAC2F9-EADA-46DC-B4F4-E95D8E950FDC}.Debug|Any CPU.Build.0 = Debug|Any CPU
		{A6CAC2F9-EADA-46DC-B4F4-E95D8E950FDC}.Debug|x64.ActiveCfg = Debug|Any CPU
		{A6CAC2F9-EADA-46DC-B4F4-E95D8E950FDC}.Debug|x64.Build.0 = Debug|Any CPU
		{A6CAC2F9-EADA-46DC-B4F4-E95D8E950FDC}.Debug|x86.ActiveCfg = Debug|Any CPU
		{A6CAC2F9-EADA-46DC-B4F4-E95D8E950FDC}.Debug|x86.Build.0 = Debug|Any CPU
		{A6CAC2F9-EADA-46DC-B4F4-E95D8E950FDC}.Release|Any CPU.ActiveCfg = Release|Any CPU
		{A6CAC2F9-EADA-46DC-B4F4-E95D8E950FDC}.Release|Any CPU.Build.0 = Release|Any CPU
		{A6CAC2F9-EADA-46DC-B4F4-E95D8E950FDC}.Release|x64.ActiveCfg = Release|Any CPU
		{A6CAC2F9-EADA-46DC-B4F4-E95D8E950FDC}.Release|x64.Build.0 = Release|Any CPU
		{A6CAC2F9-EADA-46DC-B4F4-E95D8E950FDC}.Release|x86.ActiveCfg = Release|Any CPU
		{A6CAC2F9-EADA-46DC-B4F4-E95D8E950FDC}.Release|x86.Build.0 = Release|Any CPU
	EndGlobalSection
	GlobalSection(SolutionProperties) = preSolution
		HideSolutionNode = FALSE
	EndGlobalSection
	GlobalSection(NestedProjects) = preSolution
		{A1111111-1111-1111-1111-111111111111} = {10000000-0000-0000-0000-000000000001}
		{A2222222-2222-2222-2222-222222222222} = {10000000-0000-0000-0000-000000000001}
		{A3333333-3333-3333-3333-333333333333} = {10000000-0000-0000-0000-000000000001}
		{A4444444-4444-4444-4444-444444444444} = {10000000-0000-0000-0000-000000000001}
		{A5555555-5555-5555-5555-555555555555} = {10000000-0000-0000-0000-000000000001}
		{A6666666-6666-6666-6666-666666666666} = {10000000-0000-0000-0000-000000000001}
		{A7777777-7777-7777-7777-777777777777} = {10000000-0000-0000-0000-000000000001}
		{A8888888-8888-8888-8888-888888888888} = {10000000-0000-0000-0000-000000000001}
		{A9999999-9999-9999-9999-999999999999} = {10000000-0000-0000-0000-000000000001}
		{AAAAAAAA-AAAA-AAAA-AAAA-AAAAAAAAAAAA} = {10000000-0000-0000-0000-000000000001}
		{B1111111-1111-1111-1111-111111111111} = {20000000-0000-0000-0000-000000000002}
		{B2222222-2222-2222-2222-222222222222} = {20000000-0000-0000-0000-000000000002}
		{C1111111-1111-1111-1111-111111111111} = {30000000-0000-0000-0000-000000000003}
		{C2222222-2222-2222-2222-222222222222} = {30000000-0000-0000-0000-000000000003}
		{C759C744-E02E-4AB6-B453-FACBD0799F0E} = {30000000-0000-0000-0000-000000000003}
		{AF65B4C0-C649-4AD8-96F3-CE3773A301FC} = {10000000-0000-0000-0000-000000000001}
		{8BA5947E-B3E8-4706-950B-179D898145A5} = {10000000-0000-0000-0000-000000000001}
		{D8EE45BB-1F95-4F46-8026-45C278F3325E} = {10000000-0000-0000-0000-000000000001}
		{E95E734A-236A-43A3-B38A-F7CA9DD3D730} = {10000000-0000-0000-0000-000000000001}
		{C61B7B33-6593-4971-B489-08D70466003E} = {10000000-0000-0000-0000-000000000001}
		{90D24404-EA4D-4CF4-A36F-9019FFD9DFC0} = {10000000-0000-0000-0000-000000000001}
		{0DE911F6-AA82-465B-A7ED-DF77901E27CC} = {10000000-0000-0000-0000-000000000001}
		{61ADF96D-DB87-4DAD-A74B-3D57AD475BEA} = {10000000-0000-0000-0000-000000000001}
		{A6CAC2F9-EADA-46DC-B4F4-E95D8E950FDC} = {10000000-0000-0000-0000-000000000001}
	EndGlobalSection
EndGlobal
